// !$*UTF8*$!
{
	archiveVersion = 1;
	classes = {
	};
	objectVersion = 46;
	objects = {

/* Begin PBXBuildFile section */
		B6820BCB1AE0A62C00B1773A /* logo.png in Resources */ = {isa = PBXBuildFile; fileRef = B6820BCA1AE0A62C00B1773A /* logo.png */; };
		B6C61D671AE09459000028D3 /* main.m in Sources */ = {isa = PBXBuildFile; fileRef = B6C61D661AE09459000028D3 /* main.m */; };
		B6C61D6A1AE09459000028D3 /* AppDelegate.m in Sources */ = {isa = PBXBuildFile; fileRef = B6C61D691AE09459000028D3 /* AppDelegate.m */; };
		B6C61D6D1AE09459000028D3 /* ViewController.m in Sources */ = {isa = PBXBuildFile; fileRef = B6C61D6C1AE09459000028D3 /* ViewController.m */; };
		B6C61D701AE09459000028D3 /* Main.storyboard in Resources */ = {isa = PBXBuildFile; fileRef = B6C61D6E1AE09459000028D3 /* Main.storyboard */; };
		B6C61D721AE09459000028D3 /* Images.xcassets in Resources */ = {isa = PBXBuildFile; fileRef = B6C61D711AE09459000028D3 /* Images.xcassets */; };
		B6C61D751AE09459000028D3 /* LaunchScreen.xib in Resources */ = {isa = PBXBuildFile; fileRef = B6C61D731AE09459000028D3 /* LaunchScreen.xib */; };
		B6C61D811AE0945B000028D3 /* CarpinTests.m in Sources */ = {isa = PBXBuildFile; fileRef = B6C61D801AE0945B000028D3 /* CarpinTests.m */; };
		B6C61D8F1AE0969B000028D3 /* NSString+FontAwesome.m in Sources */ = {isa = PBXBuildFile; fileRef = B6C61D8C1AE0969B000028D3 /* NSString+FontAwesome.m */; };
		B6C61D901AE0969B000028D3 /* UIButton+Bootstrap.m in Sources */ = {isa = PBXBuildFile; fileRef = B6C61D8E1AE0969B000028D3 /* UIButton+Bootstrap.m */; };
		B6C61D931AE0A345000028D3 /* CoreLocation.framework in Frameworks */ = {isa = PBXBuildFile; fileRef = B6C61D921AE0A345000028D3 /* CoreLocation.framework */; };
		B6C61D951AE0A34A000028D3 /* MapKit.framework in Frameworks */ = {isa = PBXBuildFile; fileRef = B6C61D941AE0A34A000028D3 /* MapKit.framework */; };
/* End PBXBuildFile section */

/* Begin PBXContainerItemProxy section */
		B6C61D7B1AE0945A000028D3 /* PBXContainerItemProxy */ = {
			isa = PBXContainerItemProxy;
			containerPortal = B6C61D591AE09458000028D3 /* Project object */;
			proxyType = 1;
			remoteGlobalIDString = B6C61D601AE09459000028D3;
			remoteInfo = Carpin;
		};
/* End PBXContainerItemProxy section */

/* Begin PBXFileReference section */
		B6820BCA1AE0A62C00B1773A /* logo.png */ = {isa = PBXFileReference; lastKnownFileType = image.png; path = logo.png; sourceTree = "<group>"; };
		B6C61D611AE09459000028D3 /* Carpin.app */ = {isa = PBXFileReference; explicitFileType = wrapper.application; includeInIndex = 0; path = Carpin.app; sourceTree = BUILT_PRODUCTS_DIR; };
		B6C61D651AE09459000028D3 /* Info.plist */ = {isa = PBXFileReference; lastKnownFileType = text.plist.xml; path = Info.plist; sourceTree = "<group>"; };
		B6C61D661AE09459000028D3 /* main.m */ = {isa = PBXFileReference; lastKnownFileType = sourcecode.c.objc; path = main.m; sourceTree = "<group>"; };
		B6C61D681AE09459000028D3 /* AppDelegate.h */ = {isa = PBXFileReference; lastKnownFileType = sourcecode.c.h; path = AppDelegate.h; sourceTree = "<group>"; };
		B6C61D691AE09459000028D3 /* AppDelegate.m */ = {isa = PBXFileReference; lastKnownFileType = sourcecode.c.objc; path = AppDelegate.m; sourceTree = "<group>"; };
		B6C61D6B1AE09459000028D3 /* ViewController.h */ = {isa = PBXFileReference; lastKnownFileType = sourcecode.c.h; path = ViewController.h; sourceTree = "<group>"; };
		B6C61D6C1AE09459000028D3 /* ViewController.m */ = {isa = PBXFileReference; lastKnownFileType = sourcecode.c.objc; path = ViewController.m; sourceTree = "<group>"; };
		B6C61D6F1AE09459000028D3 /* Base */ = {isa = PBXFileReference; lastKnownFileType = file.storyboard; name = Base; path = Base.lproj/Main.storyboard; sourceTree = "<group>"; };
		B6C61D711AE09459000028D3 /* Images.xcassets */ = {isa = PBXFileReference; lastKnownFileType = folder.assetcatalog; path = Images.xcassets; sourceTree = "<group>"; };
		B6C61D741AE09459000028D3 /* Base */ = {isa = PBXFileReference; lastKnownFileType = file.xib; name = Base; path = Base.lproj/LaunchScreen.xib; sourceTree = "<group>"; };
		B6C61D7A1AE0945A000028D3 /* CarpinTests.xctest */ = {isa = PBXFileReference; explicitFileType = wrapper.cfbundle; includeInIndex = 0; path = CarpinTests.xctest; sourceTree = BUILT_PRODUCTS_DIR; };
		B6C61D7F1AE0945B000028D3 /* Info.plist */ = {isa = PBXFileReference; lastKnownFileType = text.plist.xml; path = Info.plist; sourceTree = "<group>"; };
		B6C61D801AE0945B000028D3 /* CarpinTests.m */ = {isa = PBXFileReference; lastKnownFileType = sourcecode.c.objc; path = CarpinTests.m; sourceTree = "<group>"; };
		B6C61D8B1AE0969B000028D3 /* NSString+FontAwesome.h */ = {isa = PBXFileReference; fileEncoding = 4; lastKnownFileType = sourcecode.c.h; path = "NSString+FontAwesome.h"; sourceTree = "<group>"; };
		B6C61D8C1AE0969B000028D3 /* NSString+FontAwesome.m */ = {isa = PBXFileReference; fileEncoding = 4; lastKnownFileType = sourcecode.c.objc; path = "NSString+FontAwesome.m"; sourceTree = "<group>"; };
		B6C61D8D1AE0969B000028D3 /* UIButton+Bootstrap.h */ = {isa = PBXFileReference; fileEncoding = 4; lastKnownFileType = sourcecode.c.h; path = "UIButton+Bootstrap.h"; sourceTree = "<group>"; };
		B6C61D8E1AE0969B000028D3 /* UIButton+Bootstrap.m */ = {isa = PBXFileReference; fileEncoding = 4; lastKnownFileType = sourcecode.c.objc; path = "UIButton+Bootstrap.m"; sourceTree = "<group>"; };
		B6C61D911AE09737000028D3 /* FontAwesome.ttf */ = {isa = PBXFileReference; lastKnownFileType = file; name = FontAwesome.ttf; path = Carpin/FontAwesome.ttf; sourceTree = SOURCE_ROOT; };
		B6C61D921AE0A345000028D3 /* CoreLocation.framework */ = {isa = PBXFileReference; lastKnownFileType = wrapper.framework; name = CoreLocation.framework; path = System/Library/Frameworks/CoreLocation.framework; sourceTree = SDKROOT; };
		B6C61D941AE0A34A000028D3 /* MapKit.framework */ = {isa = PBXFileReference; lastKnownFileType = wrapper.framework; name = MapKit.framework; path = System/Library/Frameworks/MapKit.framework; sourceTree = SDKROOT; };
/* End PBXFileReference section */

/* Begin PBXFrameworksBuildPhase section */
		B6C61D5E1AE09459000028D3 /* Frameworks */ = {
			isa = PBXFrameworksBuildPhase;
			buildActionMask = 2147483647;
			files = (
				B6C61D951AE0A34A000028D3 /* MapKit.framework in Frameworks */,
				B6C61D931AE0A345000028D3 /* CoreLocation.framework in Frameworks */,
			);
			runOnlyForDeploymentPostprocessing = 0;
		};
		B6C61D771AE0945A000028D3 /* Frameworks */ = {
			isa = PBXFrameworksBuildPhase;
			buildActionMask = 2147483647;
			files = (
			);
			runOnlyForDeploymentPostprocessing = 0;
		};
/* End PBXFrameworksBuildPhase section */

/* Begin PBXGroup section */
		B6C61D581AE09458000028D3 = {
			isa = PBXGroup;
			children = (
				B6C61D941AE0A34A000028D3 /* MapKit.framework */,
				B6C61D921AE0A345000028D3 /* CoreLocation.framework */,
				B6C61D8A1AE0969B000028D3 /* Classes */,
				B6C61D631AE09459000028D3 /* Carpin */,
				B6C61D7D1AE0945A000028D3 /* CarpinTests */,
				B6C61D621AE09459000028D3 /* Products */,
			);
			sourceTree = "<group>";
		};
		B6C61D621AE09459000028D3 /* Products */ = {
			isa = PBXGroup;
			children = (
				B6C61D611AE09459000028D3 /* Carpin.app */,
				B6C61D7A1AE0945A000028D3 /* CarpinTests.xctest */,
			);
			name = Products;
			sourceTree = "<group>";
		};
		B6C61D631AE09459000028D3 /* Carpin */ = {
			isa = PBXGroup;
			children = (
				B6C61D681AE09459000028D3 /* AppDelegate.h */,
				B6C61D691AE09459000028D3 /* AppDelegate.m */,
				B6C61D6B1AE09459000028D3 /* ViewController.h */,
				B6C61D6C1AE09459000028D3 /* ViewController.m */,
				B6C61D6E1AE09459000028D3 /* Main.storyboard */,
				B6C61D711AE09459000028D3 /* Images.xcassets */,
				B6C61D731AE09459000028D3 /* LaunchScreen.xib */,
				B6C61D641AE09459000028D3 /* Supporting Files */,
			);
			path = Carpin;
			sourceTree = "<group>";
		};
		B6C61D641AE09459000028D3 /* Supporting Files */ = {
			isa = PBXGroup;
			children = (
				B6820BCA1AE0A62C00B1773A /* logo.png */,
				B6C61D651AE09459000028D3 /* Info.plist */,
				B6C61D661AE09459000028D3 /* main.m */,
			);
			name = "Supporting Files";
			sourceTree = "<group>";
		};
		B6C61D7D1AE0945A000028D3 /* CarpinTests */ = {
			isa = PBXGroup;
			children = (
				B6C61D801AE0945B000028D3 /* CarpinTests.m */,
				B6C61D7E1AE0945B000028D3 /* Supporting Files */,
			);
			path = CarpinTests;
			sourceTree = "<group>";
		};
		B6C61D7E1AE0945B000028D3 /* Supporting Files */ = {
			isa = PBXGroup;
			children = (
				B6C61D7F1AE0945B000028D3 /* Info.plist */,
			);
			name = "Supporting Files";
			sourceTree = "<group>";
		};
		B6C61D8A1AE0969B000028D3 /* Classes */ = {
			isa = PBXGroup;
			children = (
				B6C61D911AE09737000028D3 /* FontAwesome.ttf */,
				B6C61D8B1AE0969B000028D3 /* NSString+FontAwesome.h */,
				B6C61D8C1AE0969B000028D3 /* NSString+FontAwesome.m */,
				B6C61D8D1AE0969B000028D3 /* UIButton+Bootstrap.h */,
				B6C61D8E1AE0969B000028D3 /* UIButton+Bootstrap.m */,
			);
			name = Classes;
			path = Carpin/Classes;
			sourceTree = "<group>";
		};
/* End PBXGroup section */

/* Begin PBXNativeTarget section */
		B6C61D601AE09459000028D3 /* Carpin */ = {
			isa = PBXNativeTarget;
			buildConfigurationList = B6C61D841AE0945B000028D3 /* Build configuration list for PBXNativeTarget "Carpin" */;
			buildPhases = (
				B6C61D5D1AE09459000028D3 /* Sources */,
				B6C61D5E1AE09459000028D3 /* Frameworks */,
				B6C61D5F1AE09459000028D3 /* Resources */,
			);
			buildRules = (
			);
			dependencies = (
			);
			name = Carpin;
			productName = Carpin;
			productReference = B6C61D611AE09459000028D3 /* Carpin.app */;
			productType = "com.apple.product-type.application";
		};
		B6C61D791AE0945A000028D3 /* CarpinTests */ = {
			isa = PBXNativeTarget;
			buildConfigurationList = B6C61D871AE0945B000028D3 /* Build configuration list for PBXNativeTarget "CarpinTests" */;
			buildPhases = (
				B6C61D761AE0945A000028D3 /* Sources */,
				B6C61D771AE0945A000028D3 /* Frameworks */,
				B6C61D781AE0945A000028D3 /* Resources */,
			);
			buildRules = (
			);
			dependencies = (
				B6C61D7C1AE0945A000028D3 /* PBXTargetDependency */,
			);
			name = CarpinTests;
			productName = CarpinTests;
			productReference = B6C61D7A1AE0945A000028D3 /* CarpinTests.xctest */;
			productType = "com.apple.product-type.bundle.unit-test";
		};
/* End PBXNativeTarget section */

/* Begin PBXProject section */
		B6C61D591AE09458000028D3 /* Project object */ = {
			isa = PBXProject;
			attributes = {
				LastUpgradeCheck = 0620;
				ORGANIZATIONNAME = "Stuart Farmer";
				TargetAttributes = {
					B6C61D601AE09459000028D3 = {
						CreatedOnToolsVersion = 6.2;
					};
					B6C61D791AE0945A000028D3 = {
						CreatedOnToolsVersion = 6.2;
						TestTargetID = B6C61D601AE09459000028D3;
					};
				};
			};
			buildConfigurationList = B6C61D5C1AE09458000028D3 /* Build configuration list for PBXProject "Carpin" */;
			compatibilityVersion = "Xcode 3.2";
			developmentRegion = English;
			hasScannedForEncodings = 0;
			knownRegions = (
				en,
				Base,
			);
			mainGroup = B6C61D581AE09458000028D3;
			productRefGroup = B6C61D621AE09459000028D3 /* Products */;
			projectDirPath = "";
			projectRoot = "";
			targets = (
				B6C61D601AE09459000028D3 /* Carpin */,
				B6C61D791AE0945A000028D3 /* CarpinTests */,
			);
		};
/* End PBXProject section */

/* Begin PBXResourcesBuildPhase section */
		B6C61D5F1AE09459000028D3 /* Resources */ = {
			isa = PBXResourcesBuildPhase;
			buildActionMask = 2147483647;
			files = (
				B6820BCB1AE0A62C00B1773A /* logo.png in Resources */,
				B6C61D701AE09459000028D3 /* Main.storyboard in Resources */,
				B6C61D751AE09459000028D3 /* LaunchScreen.xib in Resources */,
				B6C61D721AE09459000028D3 /* Images.xcassets in Resources */,
			);
			runOnlyForDeploymentPostprocessing = 0;
		};
		B6C61D781AE0945A000028D3 /* Resources */ = {
			isa = PBXResourcesBuildPhase;
			buildActionMask = 2147483647;
			files = (
			);
			runOnlyForDeploymentPostprocessing = 0;
		};
/* End PBXResourcesBuildPhase section */

/* Begin PBXSourcesBuildPhase section */
		B6C61D5D1AE09459000028D3 /* Sources */ = {
			isa = PBXSourcesBuildPhase;
			buildActionMask = 2147483647;
			files = (
				B6C61D8F1AE0969B000028D3 /* NSString+FontAwesome.m in Sources */,
				B6C61D6D1AE09459000028D3 /* ViewController.m in Sources */,
				B6C61D901AE0969B000028D3 /* UIButton+Bootstrap.m in Sources */,
				B6C61D6A1AE09459000028D3 /* AppDelegate.m in Sources */,
				B6C61D671AE09459000028D3 /* main.m in Sources */,
			);
			runOnlyForDeploymentPostprocessing = 0;
		};
		B6C61D761AE0945A000028D3 /* Sources */ = {
			isa = PBXSourcesBuildPhase;
			buildActionMask = 2147483647;
			files = (
				B6C61D811AE0945B000028D3 /* CarpinTests.m in Sources */,
			);
			runOnlyForDeploymentPostprocessing = 0;
		};
/* End PBXSourcesBuildPhase section */

/* Begin PBXTargetDependency section */
		B6C61D7C1AE0945A000028D3 /* PBXTargetDependency */ = {
			isa = PBXTargetDependency;
			target = B6C61D601AE09459000028D3 /* Carpin */;
			targetProxy = B6C61D7B1AE0945A000028D3 /* PBXContainerItemProxy */;
		};
/* End PBXTargetDependency section */

/* Begin PBXVariantGroup section */
		B6C61D6E1AE09459000028D3 /* Main.storyboard */ = {
			isa = PBXVariantGroup;
			children = (
				B6C61D6F1AE09459000028D3 /* Base */,
			);
			name = Main.storyboard;
			sourceTree = "<group>";
		};
		B6C61D731AE09459000028D3 /* LaunchScreen.xib */ = {
			isa = PBXVariantGroup;
			children = (
				B6C61D741AE09459000028D3 /* Base */,
			);
			name = LaunchScreen.xib;
			sourceTree = "<group>";
		};
/* End PBXVariantGroup section */

/* Begin XCBuildConfiguration section */
		B6C61D821AE0945B000028D3 /* Debug */ = {
			isa = XCBuildConfiguration;
			buildSettings = {
				ALWAYS_SEARCH_USER_PATHS = NO;
				CLANG_CXX_LANGUAGE_STANDARD = "gnu++0x";
				CLANG_CXX_LIBRARY = "libc++";
				CLANG_ENABLE_MODULES = YES;
				CLANG_ENABLE_OBJC_ARC = YES;
				CLANG_WARN_BOOL_CONVERSION = YES;
				CLANG_WARN_CONSTANT_CONVERSION = YES;
				CLANG_WARN_DIRECT_OBJC_ISA_USAGE = YES_ERROR;
				CLANG_WARN_EMPTY_BODY = YES;
				CLANG_WARN_ENUM_CONVERSION = YES;
				CLANG_WARN_INT_CONVERSION = YES;
				CLANG_WARN_OBJC_ROOT_CLASS = YES_ERROR;
				CLANG_WARN_UNREACHABLE_CODE = YES;
				CLANG_WARN__DUPLICATE_METHOD_MATCH = YES;
				"CODE_SIGN_IDENTITY[sdk=iphoneos*]" = "iPhone Developer";
				COPY_PHASE_STRIP = NO;
				ENABLE_STRICT_OBJC_MSGSEND = YES;
				GCC_C_LANGUAGE_STANDARD = gnu99;
				GCC_DYNAMIC_NO_PIC = NO;
				GCC_OPTIMIZATION_LEVEL = 0;
				GCC_PREPROCESSOR_DEFINITIONS = (
					"DEBUG=1",
					"$(inherited)",
				);
				GCC_SYMBOLS_PRIVATE_EXTERN = NO;
				GCC_WARN_64_TO_32_BIT_CONVERSION = YES;
				GCC_WARN_ABOUT_RETURN_TYPE = YES_ERROR;
				GCC_WARN_UNDECLARED_SELECTOR = YES;
				GCC_WARN_UNINITIALIZED_AUTOS = YES_AGGRESSIVE;
				GCC_WARN_UNUSED_FUNCTION = YES;
				GCC_WARN_UNUSED_VARIABLE = YES;
				IPHONEOS_DEPLOYMENT_TARGET = 8.2;
				MTL_ENABLE_DEBUG_INFO = YES;
				ONLY_ACTIVE_ARCH = YES;
				SDKROOT = iphoneos;
			};
			name = Debug;
		};
		B6C61D831AE0945B000028D3 /* Release */ = {
			isa = XCBuildConfiguration;
			buildSettings = {
				ALWAYS_SEARCH_USER_PATHS = NO;
				CLANG_CXX_LANGUAGE_STANDARD = "gnu++0x";
				CLANG_CXX_LIBRARY = "libc++";
				CLANG_ENABLE_MODULES = YES;
				CLANG_ENABLE_OBJC_ARC = YES;
				CLANG_WARN_BOOL_CONVERSION = YES;
				CLANG_WARN_CONSTANT_CONVERSION = YES;
				CLANG_WARN_DIRECT_OBJC_ISA_USAGE = YES_ERROR;
				CLANG_WARN_EMPTY_BODY = YES;
				CLANG_WARN_ENUM_CONVERSION = YES;
				CLANG_WARN_INT_CONVERSION = YES;
				CLANG_WARN_OBJC_ROOT_CLASS = YES_ERROR;
				CLANG_WARN_UNREACHABLE_CODE = YES;
				CLANG_WARN__DUPLICATE_METHOD_MATCH = YES;
				"CODE_SIGN_IDENTITY[sdk=iphoneos*]" = "iPhone Developer";
				COPY_PHASE_STRIP = NO;
				ENABLE_NS_ASSERTIONS = NO;
				ENABLE_STRICT_OBJC_MSGSEND = YES;
				GCC_C_LANGUAGE_STANDARD = gnu99;
				GCC_WARN_64_TO_32_BIT_CONVERSION = YES;
				GCC_WARN_ABOUT_RETURN_TYPE = YES_ERROR;
				GCC_WARN_UNDECLARED_SELECTOR = YES;
				GCC_WARN_UNINITIALIZED_AUTOS = YES_AGGRESSIVE;
				GCC_WARN_UNUSED_FUNCTION = YES;
				GCC_WARN_UNUSED_VARIABLE = YES;
				IPHONEOS_DEPLOYMENT_TARGET = 8.2;
				MTL_ENABLE_DEBUG_INFO = NO;
				SDKROOT = iphoneos;
				VALIDATE_PRODUCT = YES;
			};
			name = Release;
		};
		B6C61D851AE0945B000028D3 /* Debug */ = {
			isa = XCBuildConfiguration;
			buildSettings = {
				ASSETCATALOG_COMPILER_APPICON_NAME = AppIcon;
				INFOPLIST_FILE = Carpin/Info.plist;
				IPHONEOS_DEPLOYMENT_TARGET = 7.0;
				LD_RUNPATH_SEARCH_PATHS = "$(inherited) @executable_path/Frameworks";
				PRODUCT_NAME = "$(TARGET_NAME)";
			};
			name = Debug;
		};
		B6C61D861AE0945B000028D3 /* Release */ = {
			isa = XCBuildConfiguration;
			buildSettings = {
				ASSETCATALOG_COMPILER_APPICON_NAME = AppIcon;
				INFOPLIST_FILE = Carpin/Info.plist;
				IPHONEOS_DEPLOYMENT_TARGET = 7.0;
				LD_RUNPATH_SEARCH_PATHS = "$(inherited) @executable_path/Frameworks";
				PRODUCT_NAME = "$(TARGET_NAME)";
			};
			name = Release;
		};
		B6C61D881AE0945B000028D3 /* Debug */ = {
			isa = XCBuildConfiguration;
			buildSettings = {
				BUNDLE_LOADER = "$(TEST_HOST)";
				FRAMEWORK_SEARCH_PATHS = (
					"$(SDKROOT)/Developer/Library/Frameworks",
					"$(inherited)",
				);
				GCC_PREPROCESSOR_DEFINITIONS = (
					"DEBUG=1",
					"$(inherited)",
				);
				INFOPLIST_FILE = CarpinTests/Info.plist;
				LD_RUNPATH_SEARCH_PATHS = "$(inherited) @executable_path/Frameworks @loader_path/Frameworks";
				PRODUCT_NAME = "$(TARGET_NAME)";
				TEST_HOST = "$(BUILT_PRODUCTS_DIR)/Carpin.app/Carpin";
			};
			name = Debug;
		};
		B6C61D891AE0945B000028D3 /* Release */ = {
			isa = XCBuildConfiguration;
			buildSettings = {
				BUNDLE_LOADER = "$(TEST_HOST)";
				FRAMEWORK_SEARCH_PATHS = (
					"$(SDKROOT)/Developer/Library/Frameworks",
					"$(inherited)",
				);
				INFOPLIST_FILE = CarpinTests/Info.plist;
				LD_RUNPATH_SEARCH_PATHS = "$(inherited) @executable_path/Frameworks @loader_path/Frameworks";
				PRODUCT_NAME = "$(TARGET_NAME)";
				TEST_HOST = "$(BUILT_PRODUCTS_DIR)/Carpin.app/Carpin";
			};
			name = Release;
		};
/* End XCBuildConfiguration section */

/* Begin XCConfigurationList section */
		B6C61D5C1AE09458000028D3 /* Build configuration list for PBXProject "Carpin" */ = {
			isa = XCConfigurationList;
			buildConfigurations = (
				B6C61D821AE0945B000028D3 /* Debug */,
				B6C61D831AE0945B000028D3 /* Release */,
			);
			defaultConfigurationIsVisible = 0;
			defaultConfigurationName = Release;
		};
		B6C61D841AE0945B000028D3 /* Build configuration list for PBXNativeTarget "Carpin" */ = {
			isa = XCConfigurationList;
			buildConfigurations = (
				B6C61D851AE0945B000028D3 /* Debug */,
				B6C61D861AE0945B000028D3 /* Release */,
			);
			defaultConfigurationIsVisible = 0;
			defaultConfigurationName = Release;
		};
		B6C61D871AE0945B000028D3 /* Build configuration list for PBXNativeTarget "CarpinTests" */ = {
			isa = XCConfigurationList;
			buildConfigurations = (
				B6C61D881AE0945B000028D3 /* Debug */,
				B6C61D891AE0945B000028D3 /* Release */,
			);
			defaultConfigurationIsVisible = 0;
			defaultConfigurationName = Release;
		};
/* End XCConfigurationList section */
	};
	rootObject = B6C61D591AE09458000028D3 /* Project object */;
}
